// !$*UTF8*$!
{
	archiveVersion = 1;
	classes = {
	};
	objectVersion = 50;
	objects = {

/* Begin PBXBuildFile section */
		6D62CCBB260B06C700D76F5D /* AppDelegate.swift in Sources */ = {isa = PBXBuildFile; fileRef = 6D62CCBA260B06C700D76F5D /* AppDelegate.swift */; };
		6D62CCBD260B06C700D76F5D /* SceneDelegate.swift in Sources */ = {isa = PBXBuildFile; fileRef = 6D62CCBC260B06C700D76F5D /* SceneDelegate.swift */; };
		6D62CCBF260B06C700D76F5D /* ViewController.swift in Sources */ = {isa = PBXBuildFile; fileRef = 6D62CCBE260B06C700D76F5D /* ViewController.swift */; };
		6D62CCC2260B06C700D76F5D /* Main.storyboard in Resources */ = {isa = PBXBuildFile; fileRef = 6D62CCC0260B06C700D76F5D /* Main.storyboard */; };
		6D62CCC4260B06C700D76F5D /* Assets.xcassets in Resources */ = {isa = PBXBuildFile; fileRef = 6D62CCC3260B06C700D76F5D /* Assets.xcassets */; };
		6D62CCC7260B06C700D76F5D /* LaunchScreen.storyboard in Resources */ = {isa = PBXBuildFile; fileRef = 6D62CCC5260B06C700D76F5D /* LaunchScreen.storyboard */; };
		6D62CCD2260B06C800D76F5D /* MyAlbumTests.swift in Sources */ = {isa = PBXBuildFile; fileRef = 6D62CCD1260B06C800D76F5D /* MyAlbumTests.swift */; };
		6D62CCDD260B06C800D76F5D /* MyAlbumUITests.swift in Sources */ = {isa = PBXBuildFile; fileRef = 6D62CCDC260B06C800D76F5D /* MyAlbumUITests.swift */; };
/* End PBXBuildFile section */

/* Begin PBXContainerItemProxy section */
		6D62CCCE260B06C800D76F5D /* PBXContainerItemProxy */ = {
			isa = PBXContainerItemProxy;
			containerPortal = 6D62CCAF260B06C600D76F5D /* Project object */;
			proxyType = 1;
			remoteGlobalIDString = 6D62CCB6260B06C700D76F5D;
			remoteInfo = MyAlbum;
		};
		6D62CCD9260B06C800D76F5D /* PBXContainerItemProxy */ = {
			isa = PBXContainerItemProxy;
			containerPortal = 6D62CCAF260B06C600D76F5D /* Project object */;
			proxyType = 1;
			remoteGlobalIDString = 6D62CCB6260B06C700D76F5D;
			remoteInfo = MyAlbum;
		};
/* End PBXContainerItemProxy section */

/* Begin PBXFileReference section */
		6D62CCB7260B06C700D76F5D /* MyAlbum.app */ = {isa = PBXFileReference; explicitFileType = wrapper.application; includeInIndex = 0; path = MyAlbum.app; sourceTree = BUILT_PRODUCTS_DIR; };
		6D62CCBA260B06C700D76F5D /* AppDelegate.swift */ = {isa = PBXFileReference; lastKnownFileType = sourcecode.swift; path = AppDelegate.swift; sourceTree = "<group>"; };
		6D62CCBC260B06C700D76F5D /* SceneDelegate.swift */ = {isa = PBXFileReference; lastKnownFileType = sourcecode.swift; path = SceneDelegate.swift; sourceTree = "<group>"; };
		6D62CCBE260B06C700D76F5D /* ViewController.swift */ = {isa = PBXFileReference; lastKnownFileType = sourcecode.swift; path = ViewController.swift; sourceTree = "<group>"; };
		6D62CCC1260B06C700D76F5D /* Base */ = {isa = PBXFileReference; lastKnownFileType = file.storyboard; name = Base; path = Base.lproj/Main.storyboard; sourceTree = "<group>"; };
		6D62CCC3260B06C700D76F5D /* Assets.xcassets */ = {isa = PBXFileReference; lastKnownFileType = folder.assetcatalog; path = Assets.xcassets; sourceTree = "<group>"; };
		6D62CCC6260B06C700D76F5D /* Base */ = {isa = PBXFileReference; lastKnownFileType = file.storyboard; name = Base; path = Base.lproj/LaunchScreen.storyboard; sourceTree = "<group>"; };
		6D62CCC8260B06C700D76F5D /* Info.plist */ = {isa = PBXFileReference; lastKnownFileType = text.plist.xml; path = Info.plist; sourceTree = "<group>"; };
		6D62CCCD260B06C800D76F5D /* MyAlbumTests.xctest */ = {isa = PBXFileReference; explicitFileType = wrapper.cfbundle; includeInIndex = 0; path = MyAlbumTests.xctest; sourceTree = BUILT_PRODUCTS_DIR; };
		6D62CCD1260B06C800D76F5D /* MyAlbumTests.swift */ = {isa = PBXFileReference; lastKnownFileType = sourcecode.swift; path = MyAlbumTests.swift; sourceTree = "<group>"; };
		6D62CCD3260B06C800D76F5D /* Info.plist */ = {isa = PBXFileReference; lastKnownFileType = text.plist.xml; path = Info.plist; sourceTree = "<group>"; };
		6D62CCD8260B06C800D76F5D /* MyAlbumUITests.xctest */ = {isa = PBXFileReference; explicitFileType = wrapper.cfbundle; includeInIndex = 0; path = MyAlbumUITests.xctest; sourceTree = BUILT_PRODUCTS_DIR; };
		6D62CCDC260B06C800D76F5D /* MyAlbumUITests.swift */ = {isa = PBXFileReference; lastKnownFileType = sourcecode.swift; path = MyAlbumUITests.swift; sourceTree = "<group>"; };
		6D62CCDE260B06C800D76F5D /* Info.plist */ = {isa = PBXFileReference; lastKnownFileType = text.plist.xml; path = Info.plist; sourceTree = "<group>"; };
/* End PBXFileReference section */

/* Begin PBXFrameworksBuildPhase section */
		6D62CCB4260B06C700D76F5D /* Frameworks */ = {
			isa = PBXFrameworksBuildPhase;
			buildActionMask = 2147483647;
			files = (
			);
			runOnlyForDeploymentPostprocessing = 0;
		};
		6D62CCCA260B06C800D76F5D /* Frameworks */ = {
			isa = PBXFrameworksBuildPhase;
			buildActionMask = 2147483647;
			files = (
			);
			runOnlyForDeploymentPostprocessing = 0;
		};
		6D62CCD5260B06C800D76F5D /* Frameworks */ = {
			isa = PBXFrameworksBuildPhase;
			buildActionMask = 2147483647;
			files = (
			);
			runOnlyForDeploymentPostprocessing = 0;
		};
/* End PBXFrameworksBuildPhase section */

/* Begin PBXGroup section */
		6D62CCAE260B06C600D76F5D = {
			isa = PBXGroup;
			children = (
				6D62CCB9260B06C700D76F5D /* MyAlbum */,
				6D62CCD0260B06C800D76F5D /* MyAlbumTests */,
				6D62CCDB260B06C800D76F5D /* MyAlbumUITests */,
				6D62CCB8260B06C700D76F5D /* Products */,
			);
			sourceTree = "<group>";
		};
		6D62CCB8260B06C700D76F5D /* Products */ = {
			isa = PBXGroup;
			children = (
				6D62CCB7260B06C700D76F5D /* MyAlbum.app */,
				6D62CCCD260B06C800D76F5D /* MyAlbumTests.xctest */,
				6D62CCD8260B06C800D76F5D /* MyAlbumUITests.xctest */,
			);
			name = Products;
			sourceTree = "<group>";
		};
		6D62CCB9260B06C700D76F5D /* MyAlbum */ = {
			isa = PBXGroup;
			children = (
				6D62CCBA260B06C700D76F5D /* AppDelegate.swift */,
				6D62CCBC260B06C700D76F5D /* SceneDelegate.swift */,
				6D62CCBE260B06C700D76F5D /* ViewController.swift */,
				6D62CCC0260B06C700D76F5D /* Main.storyboard */,
				6D62CCC3260B06C700D76F5D /* Assets.xcassets */,
				6D62CCC5260B06C700D76F5D /* LaunchScreen.storyboard */,
				6D62CCC8260B06C700D76F5D /* Info.plist */,
			);
			path = MyAlbum;
			sourceTree = "<group>";
		};
		6D62CCD0260B06C800D76F5D /* MyAlbumTests */ = {
			isa = PBXGroup;
			children = (
				6D62CCD1260B06C800D76F5D /* MyAlbumTests.swift */,
				6D62CCD3260B06C800D76F5D /* Info.plist */,
			);
			path = MyAlbumTests;
			sourceTree = "<group>";
		};
		6D62CCDB260B06C800D76F5D /* MyAlbumUITests */ = {
			isa = PBXGroup;
			children = (
				6D62CCDC260B06C800D76F5D /* MyAlbumUITests.swift */,
				6D62CCDE260B06C800D76F5D /* Info.plist */,
			);
			path = MyAlbumUITests;
			sourceTree = "<group>";
		};
/* End PBXGroup section */

/* Begin PBXNativeTarget section */
		6D62CCB6260B06C700D76F5D /* MyAlbum */ = {
			isa = PBXNativeTarget;
			buildConfigurationList = 6D62CCE1260B06C800D76F5D /* Build configuration list for PBXNativeTarget "MyAlbum" */;
			buildPhases = (
				6D62CCB3260B06C700D76F5D /* Sources */,
				6D62CCB4260B06C700D76F5D /* Frameworks */,
				6D62CCB5260B06C700D76F5D /* Resources */,
			);
			buildRules = (
			);
			dependencies = (
			);
			name = MyAlbum;
			productName = MyAlbum;
			productReference = 6D62CCB7260B06C700D76F5D /* MyAlbum.app */;
			productType = "com.apple.product-type.application";
		};
		6D62CCCC260B06C800D76F5D /* MyAlbumTests */ = {
			isa = PBXNativeTarget;
			buildConfigurationList = 6D62CCE4260B06C800D76F5D /* Build configuration list for PBXNativeTarget "MyAlbumTests" */;
			buildPhases = (
				6D62CCC9260B06C800D76F5D /* Sources */,
				6D62CCCA260B06C800D76F5D /* Frameworks */,
				6D62CCCB260B06C800D76F5D /* Resources */,
			);
			buildRules = (
			);
			dependencies = (
				6D62CCCF260B06C800D76F5D /* PBXTargetDependency */,
			);
			name = MyAlbumTests;
			productName = MyAlbumTests;
			productReference = 6D62CCCD260B06C800D76F5D /* MyAlbumTests.xctest */;
			productType = "com.apple.product-type.bundle.unit-test";
		};
		6D62CCD7260B06C800D76F5D /* MyAlbumUITests */ = {
			isa = PBXNativeTarget;
			buildConfigurationList = 6D62CCE7260B06C800D76F5D /* Build configuration list for PBXNativeTarget "MyAlbumUITests" */;
			buildPhases = (
				6D62CCD4260B06C800D76F5D /* Sources */,
				6D62CCD5260B06C800D76F5D /* Frameworks */,
				6D62CCD6260B06C800D76F5D /* Resources */,
			);
			buildRules = (
			);
			dependencies = (
				6D62CCDA260B06C800D76F5D /* PBXTargetDependency */,
			);
			name = MyAlbumUITests;
			productName = MyAlbumUITests;
			productReference = 6D62CCD8260B06C800D76F5D /* MyAlbumUITests.xctest */;
			productType = "com.apple.product-type.bundle.ui-testing";
		};
/* End PBXNativeTarget section */

/* Begin PBXProject section */
		6D62CCAF260B06C600D76F5D /* Project object */ = {
			isa = PBXProject;
			attributes = {
				LastSwiftUpdateCheck = 1240;
				LastUpgradeCheck = 1240;
				TargetAttributes = {
					6D62CCB6260B06C700D76F5D = {
						CreatedOnToolsVersion = 12.4;
					};
					6D62CCCC260B06C800D76F5D = {
						CreatedOnToolsVersion = 12.4;
						TestTargetID = 6D62CCB6260B06C700D76F5D;
					};
					6D62CCD7260B06C800D76F5D = {
						CreatedOnToolsVersion = 12.4;
						TestTargetID = 6D62CCB6260B06C700D76F5D;
					};
				};
			};
			buildConfigurationList = 6D62CCB2260B06C600D76F5D /* Build configuration list for PBXProject "MyAlbum" */;
			compatibilityVersion = "Xcode 9.3";
			developmentRegion = en;
			hasScannedForEncodings = 0;
			knownRegions = (
				en,
				Base,
			);
			mainGroup = 6D62CCAE260B06C600D76F5D;
			productRefGroup = 6D62CCB8260B06C700D76F5D /* Products */;
			projectDirPath = "";
			projectRoot = "";
			targets = (
				6D62CCB6260B06C700D76F5D /* MyAlbum */,
				6D62CCCC260B06C800D76F5D /* MyAlbumTests */,
				6D62CCD7260B06C800D76F5D /* MyAlbumUITests */,
			);
		};
/* End PBXProject section */

/* Begin PBXResourcesBuildPhase section */
		6D62CCB5260B06C700D76F5D /* Resources */ = {
			isa = PBXResourcesBuildPhase;
			buildActionMask = 2147483647;
			files = (
				6D62CCC7260B06C700D76F5D /* LaunchScreen.storyboard in Resources */,
				6D62CCC4260B06C700D76F5D /* Assets.xcassets in Resources */,
				6D62CCC2260B06C700D76F5D /* Main.storyboard in Resources */,
			);
			runOnlyForDeploymentPostprocessing = 0;
		};
		6D62CCCB260B06C800D76F5D /* Resources */ = {
			isa = PBXResourcesBuildPhase;
			buildActionMask = 2147483647;
			files = (
			);
			runOnlyForDeploymentPostprocessing = 0;
		};
		6D62CCD6260B06C800D76F5D /* Resources */ = {
			isa = PBXResourcesBuildPhase;
			buildActionMask = 2147483647;
			files = (
			);
			runOnlyForDeploymentPostprocessing = 0;
		};
/* End PBXResourcesBuildPhase section */

/* Begin PBXSourcesBuildPhase section */
		6D62CCB3260B06C700D76F5D /* Sources */ = {
			isa = PBXSourcesBuildPhase;
			buildActionMask = 2147483647;
			files = (
				6D62CCBF260B06C700D76F5D /* ViewController.swift in Sources */,
				6D62CCBB260B06C700D76F5D /* AppDelegate.swift in Sources */,
				6D62CCBD260B06C700D76F5D /* SceneDelegate.swift in Sources */,
			);
			runOnlyForDeploymentPostprocessing = 0;
		};
		6D62CCC9260B06C800D76F5D /* Sources */ = {
			isa = PBXSourcesBuildPhase;
			buildActionMask = 2147483647;
			files = (
				6D62CCD2260B06C800D76F5D /* MyAlbumTests.swift in Sources */,
			);
			runOnlyForDeploymentPostprocessing = 0;
		};
		6D62CCD4260B06C800D76F5D /* Sources */ = {
			isa = PBXSourcesBuildPhase;
			buildActionMask = 2147483647;
			files = (
				6D62CCDD260B06C800D76F5D /* MyAlbumUITests.swift in Sources */,
			);
			runOnlyForDeploymentPostprocessing = 0;
		};
/* End PBXSourcesBuildPhase section */

/* Begin PBXTargetDependency section */
		6D62CCCF260B06C800D76F5D /* PBXTargetDependency */ = {
			isa = PBXTargetDependency;
			target = 6D62CCB6260B06C700D76F5D /* MyAlbum */;
			targetProxy = 6D62CCCE260B06C800D76F5D /* PBXContainerItemProxy */;
		};
		6D62CCDA260B06C800D76F5D /* PBXTargetDependency */ = {
			isa = PBXTargetDependency;
			target = 6D62CCB6260B06C700D76F5D /* MyAlbum */;
			targetProxy = 6D62CCD9260B06C800D76F5D /* PBXContainerItemProxy */;
		};
/* End PBXTargetDependency section */

/* Begin PBXVariantGroup section */
		6D62CCC0260B06C700D76F5D /* Main.storyboard */ = {
			isa = PBXVariantGroup;
			children = (
				6D62CCC1260B06C700D76F5D /* Base */,
			);
			name = Main.storyboard;
			sourceTree = "<group>";
		};
		6D62CCC5260B06C700D76F5D /* LaunchScreen.storyboard */ = {
			isa = PBXVariantGroup;
			children = (
				6D62CCC6260B06C700D76F5D /* Base */,
			);
			name = LaunchScreen.storyboard;
			sourceTree = "<group>";
		};
/* End PBXVariantGroup section */

/* Begin XCBuildConfiguration section */
		6D62CCDF260B06C800D76F5D /* Debug */ = {
			isa = XCBuildConfiguration;
			buildSettings = {
				ALWAYS_SEARCH_USER_PATHS = NO;
				CLANG_ANALYZER_NONNULL = YES;
				CLANG_ANALYZER_NUMBER_OBJECT_CONVERSION = YES_AGGRESSIVE;
				CLANG_CXX_LANGUAGE_STANDARD = "gnu++14";
				CLANG_CXX_LIBRARY = "libc++";
				CLANG_ENABLE_MODULES = YES;
				CLANG_ENABLE_OBJC_ARC = YES;
				CLANG_ENABLE_OBJC_WEAK = YES;
				CLANG_WARN_BLOCK_CAPTURE_AUTORELEASING = YES;
				CLANG_WARN_BOOL_CONVERSION = YES;
				CLANG_WARN_COMMA = YES;
				CLANG_WARN_CONSTANT_CONVERSION = YES;
				CLANG_WARN_DEPRECATED_OBJC_IMPLEMENTATIONS = YES;
				CLANG_WARN_DIRECT_OBJC_ISA_USAGE = YES_ERROR;
				CLANG_WARN_DOCUMENTATION_COMMENTS = YES;
				CLANG_WARN_EMPTY_BODY = YES;
				CLANG_WARN_ENUM_CONVERSION = YES;
				CLANG_WARN_INFINITE_RECURSION = YES;
				CLANG_WARN_INT_CONVERSION = YES;
				CLANG_WARN_NON_LITERAL_NULL_CONVERSION = YES;
				CLANG_WARN_OBJC_IMPLICIT_RETAIN_SELF = YES;
				CLANG_WARN_OBJC_LITERAL_CONVERSION = YES;
				CLANG_WARN_OBJC_ROOT_CLASS = YES_ERROR;
				CLANG_WARN_QUOTED_INCLUDE_IN_FRAMEWORK_HEADER = YES;
				CLANG_WARN_RANGE_LOOP_ANALYSIS = YES;
				CLANG_WARN_STRICT_PROTOTYPES = YES;
				CLANG_WARN_SUSPICIOUS_MOVE = YES;
				CLANG_WARN_UNGUARDED_AVAILABILITY = YES_AGGRESSIVE;
				CLANG_WARN_UNREACHABLE_CODE = YES;
				CLANG_WARN__DUPLICATE_METHOD_MATCH = YES;
				COPY_PHASE_STRIP = NO;
				DEBUG_INFORMATION_FORMAT = dwarf;
				ENABLE_STRICT_OBJC_MSGSEND = YES;
				ENABLE_TESTABILITY = YES;
				GCC_C_LANGUAGE_STANDARD = gnu11;
				GCC_DYNAMIC_NO_PIC = NO;
				GCC_NO_COMMON_BLOCKS = YES;
				GCC_OPTIMIZATION_LEVEL = 0;
				GCC_PREPROCESSOR_DEFINITIONS = (
					"DEBUG=1",
					"$(inherited)",
				);
				GCC_WARN_64_TO_32_BIT_CONVERSION = YES;
				GCC_WARN_ABOUT_RETURN_TYPE = YES_ERROR;
				GCC_WARN_UNDECLARED_SELECTOR = YES;
				GCC_WARN_UNINITIALIZED_AUTOS = YES_AGGRESSIVE;
				GCC_WARN_UNUSED_FUNCTION = YES;
				GCC_WARN_UNUSED_VARIABLE = YES;
				IPHONEOS_DEPLOYMENT_TARGET = 14.4;
				MTL_ENABLE_DEBUG_INFO = INCLUDE_SOURCE;
				MTL_FAST_MATH = YES;
				ONLY_ACTIVE_ARCH = YES;
				SDKROOT = iphoneos;
				SWIFT_ACTIVE_COMPILATION_CONDITIONS = DEBUG;
				SWIFT_OPTIMIZATION_LEVEL = "-Onone";
			};
			name = Debug;
		};
		6D62CCE0260B06C800D76F5D /* Release */ = {
			isa = XCBuildConfiguration;
			buildSettings = {
				ALWAYS_SEARCH_USER_PATHS = NO;
				CLANG_ANALYZER_NONNULL = YES;
				CLANG_ANALYZER_NUMBER_OBJECT_CONVERSION = YES_AGGRESSIVE;
				CLANG_CXX_LANGUAGE_STANDARD = "gnu++14";
				CLANG_CXX_LIBRARY = "libc++";
				CLANG_ENABLE_MODULES = YES;
				CLANG_ENABLE_OBJC_ARC = YES;
				CLANG_ENABLE_OBJC_WEAK = YES;
				CLANG_WARN_BLOCK_CAPTURE_AUTORELEASING = YES;
				CLANG_WARN_BOOL_CONVERSION = YES;
				CLANG_WARN_COMMA = YES;
				CLANG_WARN_CONSTANT_CONVERSION = YES;
				CLANG_WARN_DEPRECATED_OBJC_IMPLEMENTATIONS = YES;
				CLANG_WARN_DIRECT_OBJC_ISA_USAGE = YES_ERROR;
				CLANG_WARN_DOCUMENTATION_COMMENTS = YES;
				CLANG_WARN_EMPTY_BODY = YES;
				CLANG_WARN_ENUM_CONVERSION = YES;
				CLANG_WARN_INFINITE_RECURSION = YES;
				CLANG_WARN_INT_CONVERSION = YES;
				CLANG_WARN_NON_LITERAL_NULL_CONVERSION = YES;
				CLANG_WARN_OBJC_IMPLICIT_RETAIN_SELF = YES;
				CLANG_WARN_OBJC_LITERAL_CONVERSION = YES;
				CLANG_WARN_OBJC_ROOT_CLASS = YES_ERROR;
				CLANG_WARN_QUOTED_INCLUDE_IN_FRAMEWORK_HEADER = YES;
				CLANG_WARN_RANGE_LOOP_ANALYSIS = YES;
				CLANG_WARN_STRICT_PROTOTYPES = YES;
				CLANG_WARN_SUSPICIOUS_MOVE = YES;
				CLANG_WARN_UNGUARDED_AVAILABILITY = YES_AGGRESSIVE;
				CLANG_WARN_UNREACHABLE_CODE = YES;
				CLANG_WARN__DUPLICATE_METHOD_MATCH = YES;
				COPY_PHASE_STRIP = NO;
				DEBUG_INFORMATION_FORMAT = "dwarf-with-dsym";
				ENABLE_NS_ASSERTIONS = NO;
				ENABLE_STRICT_OBJC_MSGSEND = YES;
				GCC_C_LANGUAGE_STANDARD = gnu11;
				GCC_NO_COMMON_BLOCKS = YES;
				GCC_WARN_64_TO_32_BIT_CONVERSION = YES;
				GCC_WARN_ABOUT_RETURN_TYPE = YES_ERROR;
				GCC_WARN_UNDECLARED_SELECTOR = YES;
				GCC_WARN_UNINITIALIZED_AUTOS = YES_AGGRESSIVE;
				GCC_WARN_UNUSED_FUNCTION = YES;
				GCC_WARN_UNUSED_VARIABLE = YES;
				IPHONEOS_DEPLOYMENT_TARGET = 14.4;
				MTL_ENABLE_DEBUG_INFO = NO;
				MTL_FAST_MATH = YES;
				SDKROOT = iphoneos;
				SWIFT_COMPILATION_MODE = wholemodule;
				SWIFT_OPTIMIZATION_LEVEL = "-O";
				VALIDATE_PRODUCT = YES;
			};
			name = Release;
		};
		6D62CCE2260B06C800D76F5D /* Debug */ = {
			isa = XCBuildConfiguration;
			buildSettings = {
				ASSETCATALOG_COMPILER_APPICON_NAME = AppIcon;
				ASSETCATALOG_COMPILER_GLOBAL_ACCENT_COLOR_NAME = AccentColor;
				CODE_SIGN_STYLE = Automatic;
				DEVELOPMENT_TEAM = URMHSYVBCY;
				INFOPLIST_FILE = MyAlbum/Info.plist;
				LD_RUNPATH_SEARCH_PATHS = (
					"$(inherited)",
					"@executable_path/Frameworks",
				);
				PRODUCT_BUNDLE_IDENTIFIER = com.songye.MyAlbum;
				PRODUCT_NAME = "$(TARGET_NAME)";
				SWIFT_VERSION = 5.0;
				TARGETED_DEVICE_FAMILY = "1,2";
			};
			name = Debug;
		};
		6D62CCE3260B06C800D76F5D /* Release */ = {
			isa = XCBuildConfiguration;
			buildSettings = {
				ASSETCATALOG_COMPILER_APPICON_NAME = AppIcon;
				ASSETCATALOG_COMPILER_GLOBAL_ACCENT_COLOR_NAME = AccentColor;
				CODE_SIGN_STYLE = Automatic;
				DEVELOPMENT_TEAM = URMHSYVBCY;
				INFOPLIST_FILE = MyAlbum/Info.plist;
				LD_RUNPATH_SEARCH_PATHS = (
					"$(inherited)",
					"@executable_path/Frameworks",
				);
				PRODUCT_BUNDLE_IDENTIFIER = com.songye.MyAlbum;
				PRODUCT_NAME = "$(TARGET_NAME)";
				SWIFT_VERSION = 5.0;
				TARGETED_DEVICE_FAMILY = "1,2";
			};
			name = Release;
		};
		6D62CCE5260B06C800D76F5D /* Debug */ = {
			isa = XCBuildConfiguration;
			buildSettings = {
				ALWAYS_EMBED_SWIFT_STANDARD_LIBRARIES = YES;
				BUNDLE_LOADER = "$(TEST_HOST)";
				CODE_SIGN_STYLE = Automatic;
				DEVELOPMENT_TEAM = URMHSYVBCY;
				INFOPLIST_FILE = MyAlbumTests/Info.plist;
				IPHONEOS_DEPLOYMENT_TARGET = 14.4;
				LD_RUNPATH_SEARCH_PATHS = (
					"$(inherited)",
					"@executable_path/Frameworks",
					"@loader_path/Frameworks",
				);
				PRODUCT_BUNDLE_IDENTIFIER = com.songye.MyAlbumTests;
				PRODUCT_NAME = "$(TARGET_NAME)";
				SWIFT_VERSION = 5.0;
				TARGETED_DEVICE_FAMILY = "1,2";
				TEST_HOST = "$(BUILT_PRODUCTS_DIR)/MyAlbum.app/MyAlbum";
			};
			name = Debug;
		};
		6D62CCE6260B06C800D76F5D /* Release */ = {
			isa = XCBuildConfiguration;
			buildSettings = {
				ALWAYS_EMBED_SWIFT_STANDARD_LIBRARIES = YES;
				BUNDLE_LOADER = "$(TEST_HOST)";
				CODE_SIGN_STYLE = Automatic;
				DEVELOPMENT_TEAM = URMHSYVBCY;
				INFOPLIST_FILE = MyAlbumTests/Info.plist;
				IPHONEOS_DEPLOYMENT_TARGET = 14.4;
				LD_RUNPATH_SEARCH_PATHS = (
					"$(inherited)",
					"@executable_path/Frameworks",
					"@loader_path/Frameworks",
				);
				PRODUCT_BUNDLE_IDENTIFIER = com.songye.MyAlbumTests;
				PRODUCT_NAME = "$(TARGET_NAME)";
				SWIFT_VERSION = 5.0;
				TARGETED_DEVICE_FAMILY = "1,2";
				TEST_HOST = "$(BUILT_PRODUCTS_DIR)/MyAlbum.app/MyAlbum";
			};
			name = Release;
		};
		6D62CCE8260B06C800D76F5D /* Debug */ = {
			isa = XCBuildConfiguration;
			buildSettings = {
				ALWAYS_EMBED_SWIFT_STANDARD_LIBRARIES = YES;
				CODE_SIGN_STYLE = Automatic;
				DEVELOPMENT_TEAM = URMHSYVBCY;
				INFOPLIST_FILE = MyAlbumUITests/Info.plist;
				LD_RUNPATH_SEARCH_PATHS = (
					"$(inherited)",
					"@executable_path/Frameworks",
					"@loader_path/Frameworks",
				);
				PRODUCT_BUNDLE_IDENTIFIER = com.songye.MyAlbumUITests;
				PRODUCT_NAME = "$(TARGET_NAME)";
				SWIFT_VERSION = 5.0;
				TARGETED_DEVICE_FAMILY = "1,2";
				TEST_TARGET_NAME = MyAlbum;
			};
			name = Debug;
		};
		6D62CCE9260B06C800D76F5D /* Release */ = {
			isa = XCBuildConfiguration;
			buildSettings = {
				ALWAYS_EMBED_SWIFT_STANDARD_LIBRARIES = YES;
				CODE_SIGN_STYLE = Automatic;
				DEVELOPMENT_TEAM = URMHSYVBCY;
				INFOPLIST_FILE = MyAlbumUITests/Info.plist;
				LD_RUNPATH_SEARCH_PATHS = (
					"$(inherited)",
					"@executable_path/Frameworks",
					"@loader_path/Frameworks",
				);
				PRODUCT_BUNDLE_IDENTIFIER = com.songye.MyAlbumUITests;
				PRODUCT_NAME = "$(TARGET_NAME)";
				SWIFT_VERSION = 5.0;
				TARGETED_DEVICE_FAMILY = "1,2";
				TEST_TARGET_NAME = MyAlbum;
			};
			name = Release;
		};
/* End XCBuildConfiguration section */

/* Begin XCConfigurationList section */
		6D62CCB2260B06C600D76F5D /* Build configuration list for PBXProject "MyAlbum" */ = {
			isa = XCConfigurationList;
			buildConfigurations = (
				6D62CCDF260B06C800D76F5D /* Debug */,
				6D62CCE0260B06C800D76F5D /* Release */,
			);
			defaultConfigurationIsVisible = 0;
			defaultConfigurationName = Release;
		};
		6D62CCE1260B06C800D76F5D /* Build configuration list for PBXNativeTarget "MyAlbum" */ = {
			isa = XCConfigurationList;
			buildConfigurations = (
				6D62CCE2260B06C800D76F5D /* Debug */,
				6D62CCE3260B06C800D76F5D /* Release */,
			);
			defaultConfigurationIsVisible = 0;
			defaultConfigurationName = Release;
		};
		6D62CCE4260B06C800D76F5D /* Build configuration list for PBXNativeTarget "MyAlbumTests" */ = {
			isa = XCConfigurationList;
			buildConfigurations = (
				6D62CCE5260B06C800D76F5D /* Debug */,
				6D62CCE6260B06C800D76F5D /* Release */,
			);
			defaultConfigurationIsVisible = 0;
			defaultConfigurationName = Release;
		};
		6D62CCE7260B06C800D76F5D /* Build configuration list for PBXNativeTarget "MyAlbumUITests" */ = {
			isa = XCConfigurationList;
			buildConfigurations = (
				6D62CCE8260B06C800D76F5D /* Debug */,
				6D62CCE9260B06C800D76F5D /* Release */,
			);
			defaultConfigurationIsVisible = 0;
			defaultConfigurationName = Release;
		};
/* End XCConfigurationList section */
	};
	rootObject = 6D62CCAF260B06C600D76F5D /* Project object */;
}
